
Microsoft Visual Studio Solution File, Format Version 12.00
# Visual Studio Version 17
VisualStudioVersion = 17.0.31611.283
MinimumVisualStudioVersion = 10.0.40219.1
Project("{9A19103F-16F7-4668-BE54-9A1E7A4F7556}") = "MSDos4Ever", "MSDos4Ever\MSDos4Ever.csproj", "{1A3A41FC-E50A-40B7-9434-68919B2E78E1}"
EndProject
Project("{2150E333-8FDC-42A3-9474-1A3956D46DE8}") = "SnpptsImages", "SnpptsImages", "{23812782-2138-4E93-B61D-266EE24A8DE8}"
	ProjectSection(SolutionItems) = preProject
		..\..\Users\jeanmarie.parent\Downloads\msdos_ios_landscape.png = ..\..\Users\jeanmarie.parent\Downloads\msdos_ios_landscape.png
		..\..\Users\jeanmarie.parent\Downloads\msdos_ios_portrait.png = ..\..\Users\jeanmarie.parent\Downloads\msdos_ios_portrait.png
		..\..\Users\jeanmarie.parent\Downloads\msdos_windows.png = ..\..\Users\jeanmarie.parent\Downloads\msdos_windows.png
	EndProjectSection
EndProject
Global
	GlobalSection(SolutionConfigurationPlatforms) = preSolution
		Debug|Any CPU = Debug|Any CPU
		Release|Any CPU = Release|Any CPU
	EndGlobalSection
	GlobalSection(ProjectConfigurationPlatforms) = postSolution
		{1A3A41FC-E50A-40B7-9434-68919B2E78E1}.Debug|Any CPU.ActiveCfg = Debug|Any CPU
		{1A3A41FC-E50A-40B7-9434-68919B2E78E1}.Debug|Any CPU.Build.0 = Debug|Any CPU
		{1A3A41FC-E50A-40B7-9434-68919B2E78E1}.Debug|Any CPU.Deploy.0 = Debug|Any CPU
		{1A3A41FC-E50A-40B7-9434-68919B2E78E1}.Release|Any CPU.ActiveCfg = Release|Any CPU
		{1A3A41FC-E50A-40B7-9434-68919B2E78E1}.Release|Any CPU.Build.0 = Release|Any CPU
		{1A3A41FC-E50A-40B7-9434-68919B2E78E1}.Release|Any CPU.Deploy.0 = Release|Any CPU
	EndGlobalSection
	GlobalSection(SolutionProperties) = preSolution
		HideSolutionNode = FALSE
	EndGlobalSection
	GlobalSection(ExtensibilityGlobals) = postSolution
		SolutionGuid = {61F7FB11-1E47-470C-91E2-47F8143E1572}
	EndGlobalSection
EndGlobal
